// !$*UTF8*$!
{
	archiveVersion = 1;
	classes = {
	};
	objectVersion = 50;
	objects = {

/* Begin PBXBuildFile section */
		A40B8B3922F37A5600FB9C75 /* MenuTableViewCell.swift in Sources */ = {isa = PBXBuildFile; fileRef = A40B8B3822F37A5600FB9C75 /* MenuTableViewCell.swift */; };
		A4102C6E22F788B400542A50 /* AddToOrderViewController.swift in Sources */ = {isa = PBXBuildFile; fileRef = A4102C6D22F788B400542A50 /* AddToOrderViewController.swift */; };
		A41F7E2C22E56D850076E951 /* Customer.swift in Sources */ = {isa = PBXBuildFile; fileRef = A41F7E2B22E56D850076E951 /* Customer.swift */; };
		A45DAE0D22F37B5B001BDA44 /* Dish.swift in Sources */ = {isa = PBXBuildFile; fileRef = A45DAE0C22F37B5B001BDA44 /* Dish.swift */; };
		A4615C9D22FFD80E0054A4D5 /* CheckBox.swift in Sources */ = {isa = PBXBuildFile; fileRef = A4615C9C22FFD80E0054A4D5 /* CheckBox.swift */; };
		A470B319222267D7008B3B3D /* SignUpViewController.swift in Sources */ = {isa = PBXBuildFile; fileRef = A470B318222267D7008B3B3D /* SignUpViewController.swift */; };
		A480EA2822225393009955A1 /* AppDelegate.swift in Sources */ = {isa = PBXBuildFile; fileRef = A480EA2722225393009955A1 /* AppDelegate.swift */; };
		A480EA2A22225393009955A1 /* LoginViewController.swift in Sources */ = {isa = PBXBuildFile; fileRef = A480EA2922225393009955A1 /* LoginViewController.swift */; };
		A480EA2D22225393009955A1 /* Main.storyboard in Resources */ = {isa = PBXBuildFile; fileRef = A480EA2B22225393009955A1 /* Main.storyboard */; };
		A480EA2F22225393009955A1 /* Assets.xcassets in Resources */ = {isa = PBXBuildFile; fileRef = A480EA2E22225393009955A1 /* Assets.xcassets */; };
		A480EA3222225393009955A1 /* LaunchScreen.storyboard in Resources */ = {isa = PBXBuildFile; fileRef = A480EA3022225393009955A1 /* LaunchScreen.storyboard */; };
		A49E1FFF22E177EB0082804C /* GoogleService-Info.plist in Resources */ = {isa = PBXBuildFile; fileRef = A49E1FFE22E177EB0082804C /* GoogleService-Info.plist */; };
		A4ACAFCA22FA154700DD8D2A /* PreviewOrderTableViewCell.swift in Sources */ = {isa = PBXBuildFile; fileRef = A4ACAFC922FA154700DD8D2A /* PreviewOrderTableViewCell.swift */; };
		A4C7EF762301F63000BBB7A2 /* Profile.swift in Sources */ = {isa = PBXBuildFile; fileRef = A4C7EF752301F63000BBB7A2 /* Profile.swift */; };
		A4CFDBA622F8A66600772AF4 /* PreviewOrderTableViewController.swift in Sources */ = {isa = PBXBuildFile; fileRef = A4CFDBA522F8A66600772AF4 /* PreviewOrderTableViewController.swift */; };
		A4CFDBA822F8A88B00772AF4 /* CustomerDish.swift in Sources */ = {isa = PBXBuildFile; fileRef = A4CFDBA722F8A88B00772AF4 /* CustomerDish.swift */; };
		A4CFDBAA22F8A90300772AF4 /* SharedVariables.swift in Sources */ = {isa = PBXBuildFile; fileRef = A4CFDBA922F8A90300772AF4 /* SharedVariables.swift */; };
		A4F214A422FD29EE00DFF7D5 /* SettingsViewController.swift in Sources */ = {isa = PBXBuildFile; fileRef = A4F214A322FD29EE00DFF7D5 /* SettingsViewController.swift */; };
		A4F4F88522F375EA009D06A6 /* Default-568h@2x.png in Resources */ = {isa = PBXBuildFile; fileRef = A4F4F88422F375EA009D06A6 /* Default-568h@2x.png */; };
		A4F7788E2223510D00152BC9 /* MenuTableViewController.swift in Sources */ = {isa = PBXBuildFile; fileRef = A4F7788D2223510D00152BC9 /* MenuTableViewController.swift */; };
		A4FAE80922F373F700B73804 /* HeaderTableViewCell.swift in Sources */ = {isa = PBXBuildFile; fileRef = A4FAE80822F373F700B73804 /* HeaderTableViewCell.swift */; };
		CE1136D70918105419897A5A /* Pods_ChefZs.framework in Frameworks */ = {isa = PBXBuildFile; fileRef = 305F073E5ED8F956FF019D45 /* Pods_ChefZs.framework */; };
/* End PBXBuildFile section */

/* Begin PBXFileReference section */
		0F73794F14B298F64B2D99C2 /* Pods-ChefZs.release.xcconfig */ = {isa = PBXFileReference; includeInIndex = 1; lastKnownFileType = text.xcconfig; name = "Pods-ChefZs.release.xcconfig"; path = "Pods/Target Support Files/Pods-ChefZs/Pods-ChefZs.release.xcconfig"; sourceTree = "<group>"; };
		305F073E5ED8F956FF019D45 /* Pods_ChefZs.framework */ = {isa = PBXFileReference; explicitFileType = wrapper.framework; includeInIndex = 0; path = Pods_ChefZs.framework; sourceTree = BUILT_PRODUCTS_DIR; };
		904FBECF83A8CC6ECBB073A3 /* Pods-ChefZs.debug.xcconfig */ = {isa = PBXFileReference; includeInIndex = 1; lastKnownFileType = text.xcconfig; name = "Pods-ChefZs.debug.xcconfig"; path = "Pods/Target Support Files/Pods-ChefZs/Pods-ChefZs.debug.xcconfig"; sourceTree = "<group>"; };
		A40B8B3822F37A5600FB9C75 /* MenuTableViewCell.swift */ = {isa = PBXFileReference; lastKnownFileType = sourcecode.swift; path = MenuTableViewCell.swift; sourceTree = "<group>"; };
		A4102C6D22F788B400542A50 /* AddToOrderViewController.swift */ = {isa = PBXFileReference; lastKnownFileType = sourcecode.swift; path = AddToOrderViewController.swift; sourceTree = "<group>"; };
		A41F7E2B22E56D850076E951 /* Customer.swift */ = {isa = PBXFileReference; lastKnownFileType = sourcecode.swift; path = Customer.swift; sourceTree = "<group>"; };
		A45DAE0C22F37B5B001BDA44 /* Dish.swift */ = {isa = PBXFileReference; lastKnownFileType = sourcecode.swift; path = Dish.swift; sourceTree = "<group>"; };
		A4615C9C22FFD80E0054A4D5 /* CheckBox.swift */ = {isa = PBXFileReference; lastKnownFileType = sourcecode.swift; path = CheckBox.swift; sourceTree = "<group>"; };
		A470B318222267D7008B3B3D /* SignUpViewController.swift */ = {isa = PBXFileReference; lastKnownFileType = sourcecode.swift; path = SignUpViewController.swift; sourceTree = "<group>"; };
		A480EA2422225393009955A1 /* ChefZs.app */ = {isa = PBXFileReference; explicitFileType = wrapper.application; includeInIndex = 0; path = ChefZs.app; sourceTree = BUILT_PRODUCTS_DIR; };
		A480EA2722225393009955A1 /* AppDelegate.swift */ = {isa = PBXFileReference; lastKnownFileType = sourcecode.swift; path = AppDelegate.swift; sourceTree = "<group>"; };
		A480EA2922225393009955A1 /* LoginViewController.swift */ = {isa = PBXFileReference; lastKnownFileType = sourcecode.swift; path = LoginViewController.swift; sourceTree = "<group>"; };
		A480EA2C22225393009955A1 /* Base */ = {isa = PBXFileReference; lastKnownFileType = file.storyboard; name = Base; path = Base.lproj/Main.storyboard; sourceTree = "<group>"; };
		A480EA2E22225393009955A1 /* Assets.xcassets */ = {isa = PBXFileReference; lastKnownFileType = folder.assetcatalog; path = Assets.xcassets; sourceTree = "<group>"; };
		A480EA3122225393009955A1 /* Base */ = {isa = PBXFileReference; lastKnownFileType = file.storyboard; name = Base; path = Base.lproj/LaunchScreen.storyboard; sourceTree = "<group>"; };
		A480EA3322225393009955A1 /* Info.plist */ = {isa = PBXFileReference; lastKnownFileType = text.plist.xml; path = Info.plist; sourceTree = "<group>"; };
		A49E1FFE22E177EB0082804C /* GoogleService-Info.plist */ = {isa = PBXFileReference; fileEncoding = 4; lastKnownFileType = text.plist.xml; path = "GoogleService-Info.plist"; sourceTree = "<group>"; };
		A4ACAFC922FA154700DD8D2A /* PreviewOrderTableViewCell.swift */ = {isa = PBXFileReference; lastKnownFileType = sourcecode.swift; path = PreviewOrderTableViewCell.swift; sourceTree = "<group>"; };
		A4C7EF752301F63000BBB7A2 /* Profile.swift */ = {isa = PBXFileReference; lastKnownFileType = sourcecode.swift; path = Profile.swift; sourceTree = "<group>"; };
		A4CFDBA522F8A66600772AF4 /* PreviewOrderTableViewController.swift */ = {isa = PBXFileReference; lastKnownFileType = sourcecode.swift; path = PreviewOrderTableViewController.swift; sourceTree = "<group>"; };
		A4CFDBA722F8A88B00772AF4 /* CustomerDish.swift */ = {isa = PBXFileReference; lastKnownFileType = sourcecode.swift; path = CustomerDish.swift; sourceTree = "<group>"; };
		A4CFDBA922F8A90300772AF4 /* SharedVariables.swift */ = {isa = PBXFileReference; lastKnownFileType = sourcecode.swift; path = SharedVariables.swift; sourceTree = "<group>"; };
		A4F214A322FD29EE00DFF7D5 /* SettingsViewController.swift */ = {isa = PBXFileReference; lastKnownFileType = sourcecode.swift; path = SettingsViewController.swift; sourceTree = "<group>"; };
		A4F4F88422F375EA009D06A6 /* Default-568h@2x.png */ = {isa = PBXFileReference; lastKnownFileType = image.png; path = "Default-568h@2x.png"; sourceTree = "<group>"; };
		A4F7788D2223510D00152BC9 /* MenuTableViewController.swift */ = {isa = PBXFileReference; lastKnownFileType = sourcecode.swift; path = MenuTableViewController.swift; sourceTree = "<group>"; };
		A4FAE80822F373F700B73804 /* HeaderTableViewCell.swift */ = {isa = PBXFileReference; lastKnownFileType = sourcecode.swift; path = HeaderTableViewCell.swift; sourceTree = "<group>"; };
/* End PBXFileReference section */

/* Begin PBXFrameworksBuildPhase section */
		A480EA2122225393009955A1 /* Frameworks */ = {
			isa = PBXFrameworksBuildPhase;
			buildActionMask = 2147483647;
			files = (
				CE1136D70918105419897A5A /* Pods_ChefZs.framework in Frameworks */,
			);
			runOnlyForDeploymentPostprocessing = 0;
		};
/* End PBXFrameworksBuildPhase section */

/* Begin PBXGroup section */
		3E337E395C546B564447CB82 /* Pods */ = {
			isa = PBXGroup;
			children = (
				904FBECF83A8CC6ECBB073A3 /* Pods-ChefZs.debug.xcconfig */,
				0F73794F14B298F64B2D99C2 /* Pods-ChefZs.release.xcconfig */,
			);
			name = Pods;
			sourceTree = "<group>";
		};
		5B8CCAD7765FD443ABB45B71 /* Frameworks */ = {
			isa = PBXGroup;
			children = (
				305F073E5ED8F956FF019D45 /* Pods_ChefZs.framework */,
			);
			name = Frameworks;
			sourceTree = "<group>";
		};
		A480EA1B22225393009955A1 = {
			isa = PBXGroup;
			children = (
				A4F4F88422F375EA009D06A6 /* Default-568h@2x.png */,
				A480EA2622225393009955A1 /* ChefZs */,
				A480EA2522225393009955A1 /* Products */,
				3E337E395C546B564447CB82 /* Pods */,
				5B8CCAD7765FD443ABB45B71 /* Frameworks */,
			);
			sourceTree = "<group>";
		};
		A480EA2522225393009955A1 /* Products */ = {
			isa = PBXGroup;
			children = (
				A480EA2422225393009955A1 /* ChefZs.app */,
			);
			name = Products;
			sourceTree = "<group>";
		};
		A480EA2622225393009955A1 /* ChefZs */ = {
			isa = PBXGroup;
			children = (
				A480EA3322225393009955A1 /* Info.plist */,
				A49E1FFE22E177EB0082804C /* GoogleService-Info.plist */,
				A4F214A722FD2CA300DFF7D5 /* Protocols */,
				A4CFDBA422F8A5DC00772AF4 /* Storyboards */,
				A4F7788F222353BD00152BC9 /* Data Models */,
				A480EA3A22225496009955A1 /* Supporting Files */,
				A4FAE80A22F373FD00B73804 /* Views */,
				A480EA3B222254A6009955A1 /* View Controllers */,
			);
			path = ChefZs;
			sourceTree = "<group>";
		};
		A480EA3A22225496009955A1 /* Supporting Files */ = {
			isa = PBXGroup;
			children = (
				A480EA2722225393009955A1 /* AppDelegate.swift */,
				A480EA2E22225393009955A1 /* Assets.xcassets */,
			);
			path = "Supporting Files";
			sourceTree = "<group>";
		};
		A480EA3B222254A6009955A1 /* View Controllers */ = {
			isa = PBXGroup;
			children = (
				A480EA2922225393009955A1 /* LoginViewController.swift */,
				A470B318222267D7008B3B3D /* SignUpViewController.swift */,
				A4F7788D2223510D00152BC9 /* MenuTableViewController.swift */,
				A4102C6D22F788B400542A50 /* AddToOrderViewController.swift */,
				A4CFDBA522F8A66600772AF4 /* PreviewOrderTableViewController.swift */,
				A4F214A322FD29EE00DFF7D5 /* SettingsViewController.swift */,
			);
			path = "View Controllers";
			sourceTree = "<group>";
		};
		A4CFDBA422F8A5DC00772AF4 /* Storyboards */ = {
			isa = PBXGroup;
			children = (
				A480EA2B22225393009955A1 /* Main.storyboard */,
				A480EA3022225393009955A1 /* LaunchScreen.storyboard */,
			);
			path = Storyboards;
			sourceTree = "<group>";
		};
		A4F214A722FD2CA300DFF7D5 /* Protocols */ = {
			isa = PBXGroup;
			children = (
			);
			path = Protocols;
			sourceTree = "<group>";
		};
		A4F7788F222353BD00152BC9 /* Data Models */ = {
			isa = PBXGroup;
			children = (
				A41F7E2B22E56D850076E951 /* Customer.swift */,
				A45DAE0C22F37B5B001BDA44 /* Dish.swift */,
				A4CFDBA722F8A88B00772AF4 /* CustomerDish.swift */,
				A4CFDBA922F8A90300772AF4 /* SharedVariables.swift */,
				A4615C9C22FFD80E0054A4D5 /* CheckBox.swift */,
				A4C7EF752301F63000BBB7A2 /* Profile.swift */,
			);
			path = "Data Models";
			sourceTree = "<group>";
		};
		A4FAE80A22F373FD00B73804 /* Views */ = {
			isa = PBXGroup;
			children = (
				A4FAE80822F373F700B73804 /* HeaderTableViewCell.swift */,
				A40B8B3822F37A5600FB9C75 /* MenuTableViewCell.swift */,
				A4ACAFC922FA154700DD8D2A /* PreviewOrderTableViewCell.swift */,
			);
			path = Views;
			sourceTree = "<group>";
		};
/* End PBXGroup section */

/* Begin PBXNativeTarget section */
		A480EA2322225393009955A1 /* ChefZs */ = {
			isa = PBXNativeTarget;
			buildConfigurationList = A480EA3622225393009955A1 /* Build configuration list for PBXNativeTarget "ChefZs" */;
			buildPhases = (
				72FFE2B53F473235BB4C6FC8 /* [CP] Check Pods Manifest.lock */,
				A480EA2022225393009955A1 /* Sources */,
				A480EA2122225393009955A1 /* Frameworks */,
				A480EA2222225393009955A1 /* Resources */,
				4E8DF5956E8D99E8F7573735 /* [CP] Embed Pods Frameworks */,
			);
			buildRules = (
			);
			dependencies = (
			);
			name = ChefZs;
			productName = ChefZs;
			productReference = A480EA2422225393009955A1 /* ChefZs.app */;
			productType = "com.apple.product-type.application";
		};
/* End PBXNativeTarget section */

/* Begin PBXProject section */
		A480EA1C22225393009955A1 /* Project object */ = {
			isa = PBXProject;
			attributes = {
				LastSwiftUpdateCheck = 1010;
				LastUpgradeCheck = 1010;
				ORGANIZATIONNAME = "Daniel Duan";
				TargetAttributes = {
					A480EA2322225393009955A1 = {
						CreatedOnToolsVersion = 10.1;
					};
				};
			};
			buildConfigurationList = A480EA1F22225393009955A1 /* Build configuration list for PBXProject "ChefZs" */;
			compatibilityVersion = "Xcode 9.3";
			developmentRegion = en;
			hasScannedForEncodings = 0;
			knownRegions = (
				en,
				Base,
			);
			mainGroup = A480EA1B22225393009955A1;
			productRefGroup = A480EA2522225393009955A1 /* Products */;
			projectDirPath = "";
			projectRoot = "";
			targets = (
				A480EA2322225393009955A1 /* ChefZs */,
			);
		};
/* End PBXProject section */

/* Begin PBXResourcesBuildPhase section */
		A480EA2222225393009955A1 /* Resources */ = {
			isa = PBXResourcesBuildPhase;
			buildActionMask = 2147483647;
			files = (
				A480EA3222225393009955A1 /* LaunchScreen.storyboard in Resources */,
				A49E1FFF22E177EB0082804C /* GoogleService-Info.plist in Resources */,
				A480EA2F22225393009955A1 /* Assets.xcassets in Resources */,
				A4F4F88522F375EA009D06A6 /* Default-568h@2x.png in Resources */,
				A480EA2D22225393009955A1 /* Main.storyboard in Resources */,
			);
			runOnlyForDeploymentPostprocessing = 0;
		};
/* End PBXResourcesBuildPhase section */

/* Begin PBXShellScriptBuildPhase section */
		4E8DF5956E8D99E8F7573735 /* [CP] Embed Pods Frameworks */ = {
			isa = PBXShellScriptBuildPhase;
			buildActionMask = 2147483647;
			files = (
			);
			inputFileListPaths = (
			);
			inputPaths = (
				"${SRCROOT}/Pods/Target Support Files/Pods-ChefZs/Pods-ChefZs-frameworks.sh",
				"${BUILT_PRODUCTS_DIR}/BEMCheckBox/BEMCheckBox.framework",
				"${BUILT_PRODUCTS_DIR}/BoringSSL-GRPC/openssl_grpc.framework",
				"${BUILT_PRODUCTS_DIR}/GTMSessionFetcher/GTMSessionFetcher.framework",
				"${BUILT_PRODUCTS_DIR}/GoogleUtilities/GoogleUtilities.framework",
				"${BUILT_PRODUCTS_DIR}/IQKeyboardManagerSwift/IQKeyboardManagerSwift.framework",
				"${BUILT_PRODUCTS_DIR}/Protobuf/Protobuf.framework",
				"${BUILT_PRODUCTS_DIR}/SCLAlertView/SCLAlertView.framework",
				"${BUILT_PRODUCTS_DIR}/StatefulViewController/StatefulViewController.framework",
				"${BUILT_PRODUCTS_DIR}/TextFieldEffects/TextFieldEffects.framework",
				"${BUILT_PRODUCTS_DIR}/gRPC-C++/grpcpp.framework",
				"${BUILT_PRODUCTS_DIR}/gRPC-Core/grpc.framework",
				"${BUILT_PRODUCTS_DIR}/leveldb-library/leveldb.framework",
				"${BUILT_PRODUCTS_DIR}/nanopb/nanopb.framework",
			);
			name = "[CP] Embed Pods Frameworks";
			outputFileListPaths = (
			);
			outputPaths = (
				"${TARGET_BUILD_DIR}/${FRAMEWORKS_FOLDER_PATH}/BEMCheckBox.framework",
				"${TARGET_BUILD_DIR}/${FRAMEWORKS_FOLDER_PATH}/openssl_grpc.framework",
				"${TARGET_BUILD_DIR}/${FRAMEWORKS_FOLDER_PATH}/GTMSessionFetcher.framework",
				"${TARGET_BUILD_DIR}/${FRAMEWORKS_FOLDER_PATH}/GoogleUtilities.framework",
				"${TARGET_BUILD_DIR}/${FRAMEWORKS_FOLDER_PATH}/IQKeyboardManagerSwift.framework",
				"${TARGET_BUILD_DIR}/${FRAMEWORKS_FOLDER_PATH}/Protobuf.framework",
				"${TARGET_BUILD_DIR}/${FRAMEWORKS_FOLDER_PATH}/SCLAlertView.framework",
				"${TARGET_BUILD_DIR}/${FRAMEWORKS_FOLDER_PATH}/StatefulViewController.framework",
				"${TARGET_BUILD_DIR}/${FRAMEWORKS_FOLDER_PATH}/TextFieldEffects.framework",
				"${TARGET_BUILD_DIR}/${FRAMEWORKS_FOLDER_PATH}/grpcpp.framework",
				"${TARGET_BUILD_DIR}/${FRAMEWORKS_FOLDER_PATH}/grpc.framework",
				"${TARGET_BUILD_DIR}/${FRAMEWORKS_FOLDER_PATH}/leveldb.framework",
				"${TARGET_BUILD_DIR}/${FRAMEWORKS_FOLDER_PATH}/nanopb.framework",
			);
			runOnlyForDeploymentPostprocessing = 0;
			shellPath = /bin/sh;
			shellScript = "\"${SRCROOT}/Pods/Target Support Files/Pods-ChefZs/Pods-ChefZs-frameworks.sh\"\n";
			showEnvVarsInLog = 0;
		};
		72FFE2B53F473235BB4C6FC8 /* [CP] Check Pods Manifest.lock */ = {
			isa = PBXShellScriptBuildPhase;
			buildActionMask = 2147483647;
			files = (
			);
			inputFileListPaths = (
			);
			inputPaths = (
				"${PODS_PODFILE_DIR_PATH}/Podfile.lock",
				"${PODS_ROOT}/Manifest.lock",
			);
			name = "[CP] Check Pods Manifest.lock";
			outputFileListPaths = (
			);
			outputPaths = (
				"$(DERIVED_FILE_DIR)/Pods-ChefZs-checkManifestLockResult.txt",
			);
			runOnlyForDeploymentPostprocessing = 0;
			shellPath = /bin/sh;
			shellScript = "diff \"${PODS_PODFILE_DIR_PATH}/Podfile.lock\" \"${PODS_ROOT}/Manifest.lock\" > /dev/null\nif [ $? != 0 ] ; then\n    # print error to STDERR\n    echo \"error: The sandbox is not in sync with the Podfile.lock. Run 'pod install' or update your CocoaPods installation.\" >&2\n    exit 1\nfi\n# This output is used by Xcode 'outputs' to avoid re-running this script phase.\necho \"SUCCESS\" > \"${SCRIPT_OUTPUT_FILE_0}\"\n";
			showEnvVarsInLog = 0;
		};
/* End PBXShellScriptBuildPhase section */

/* Begin PBXSourcesBuildPhase section */
		A480EA2022225393009955A1 /* Sources */ = {
			isa = PBXSourcesBuildPhase;
			buildActionMask = 2147483647;
			files = (
				A4CFDBAA22F8A90300772AF4 /* SharedVariables.swift in Sources */,
				A470B319222267D7008B3B3D /* SignUpViewController.swift in Sources */,
				A4ACAFCA22FA154700DD8D2A /* PreviewOrderTableViewCell.swift in Sources */,
				A41F7E2C22E56D850076E951 /* Customer.swift in Sources */,
				A40B8B3922F37A5600FB9C75 /* MenuTableViewCell.swift in Sources */,
				A4CFDBA622F8A66600772AF4 /* PreviewOrderTableViewController.swift in Sources */,
				A4CFDBA822F8A88B00772AF4 /* CustomerDish.swift in Sources */,
				A4FAE80922F373F700B73804 /* HeaderTableViewCell.swift in Sources */,
				A480EA2A22225393009955A1 /* LoginViewController.swift in Sources */,
				A4C7EF762301F63000BBB7A2 /* Profile.swift in Sources */,
				A4F214A422FD29EE00DFF7D5 /* SettingsViewController.swift in Sources */,
				A45DAE0D22F37B5B001BDA44 /* Dish.swift in Sources */,
				A480EA2822225393009955A1 /* AppDelegate.swift in Sources */,
				A4F7788E2223510D00152BC9 /* MenuTableViewController.swift in Sources */,
				A4102C6E22F788B400542A50 /* AddToOrderViewController.swift in Sources */,
				A4615C9D22FFD80E0054A4D5 /* CheckBox.swift in Sources */,
			);
			runOnlyForDeploymentPostprocessing = 0;
		};
/* End PBXSourcesBuildPhase section */

/* Begin PBXVariantGroup section */
		A480EA2B22225393009955A1 /* Main.storyboard */ = {
			isa = PBXVariantGroup;
			children = (
				A480EA2C22225393009955A1 /* Base */,
			);
			name = Main.storyboard;
			sourceTree = "<group>";
		};
		A480EA3022225393009955A1 /* LaunchScreen.storyboard */ = {
			isa = PBXVariantGroup;
			children = (
				A480EA3122225393009955A1 /* Base */,
			);
			name = LaunchScreen.storyboard;
			sourceTree = "<group>";
		};
/* End PBXVariantGroup section */

/* Begin XCBuildConfiguration section */
		A480EA3422225393009955A1 /* Debug */ = {
			isa = XCBuildConfiguration;
			buildSettings = {
				ALWAYS_SEARCH_USER_PATHS = NO;
				CLANG_ANALYZER_NONNULL = YES;
				CLANG_ANALYZER_NUMBER_OBJECT_CONVERSION = YES_AGGRESSIVE;
				CLANG_CXX_LANGUAGE_STANDARD = "gnu++14";
				CLANG_CXX_LIBRARY = "libc++";
				CLANG_ENABLE_MODULES = YES;
				CLANG_ENABLE_OBJC_ARC = YES;
				CLANG_ENABLE_OBJC_WEAK = YES;
				CLANG_WARN_BLOCK_CAPTURE_AUTORELEASING = YES;
				CLANG_WARN_BOOL_CONVERSION = YES;
				CLANG_WARN_COMMA = YES;
				CLANG_WARN_CONSTANT_CONVERSION = YES;
				CLANG_WARN_DEPRECATED_OBJC_IMPLEMENTATIONS = YES;
				CLANG_WARN_DIRECT_OBJC_ISA_USAGE = YES_ERROR;
				CLANG_WARN_DOCUMENTATION_COMMENTS = YES;
				CLANG_WARN_EMPTY_BODY = YES;
				CLANG_WARN_ENUM_CONVERSION = YES;
				CLANG_WARN_INFINITE_RECURSION = YES;
				CLANG_WARN_INT_CONVERSION = YES;
				CLANG_WARN_NON_LITERAL_NULL_CONVERSION = YES;
				CLANG_WARN_OBJC_IMPLICIT_RETAIN_SELF = YES;
				CLANG_WARN_OBJC_LITERAL_CONVERSION = YES;
				CLANG_WARN_OBJC_ROOT_CLASS = YES_ERROR;
				CLANG_WARN_RANGE_LOOP_ANALYSIS = YES;
				CLANG_WARN_STRICT_PROTOTYPES = YES;
				CLANG_WARN_SUSPICIOUS_MOVE = YES;
				CLANG_WARN_UNGUARDED_AVAILABILITY = YES_AGGRESSIVE;
				CLANG_WARN_UNREACHABLE_CODE = YES;
				CLANG_WARN__DUPLICATE_METHOD_MATCH = YES;
				CODE_SIGN_IDENTITY = "iPhone Developer";
				COPY_PHASE_STRIP = NO;
				DEBUG_INFORMATION_FORMAT = dwarf;
				ENABLE_STRICT_OBJC_MSGSEND = YES;
				ENABLE_TESTABILITY = YES;
				GCC_C_LANGUAGE_STANDARD = gnu11;
				GCC_DYNAMIC_NO_PIC = NO;
				GCC_NO_COMMON_BLOCKS = YES;
				GCC_OPTIMIZATION_LEVEL = 0;
				GCC_PREPROCESSOR_DEFINITIONS = (
					"DEBUG=1",
					"$(inherited)",
				);
				GCC_WARN_64_TO_32_BIT_CONVERSION = YES;
				GCC_WARN_ABOUT_RETURN_TYPE = YES_ERROR;
				GCC_WARN_UNDECLARED_SELECTOR = YES;
				GCC_WARN_UNINITIALIZED_AUTOS = YES_AGGRESSIVE;
				GCC_WARN_UNUSED_FUNCTION = YES;
				GCC_WARN_UNUSED_VARIABLE = YES;
				IPHONEOS_DEPLOYMENT_TARGET = 12.1;
				MTL_ENABLE_DEBUG_INFO = INCLUDE_SOURCE;
				MTL_FAST_MATH = YES;
				ONLY_ACTIVE_ARCH = YES;
				SDKROOT = iphoneos;
				SWIFT_ACTIVE_COMPILATION_CONDITIONS = DEBUG;
				SWIFT_OPTIMIZATION_LEVEL = "-Onone";
			};
			name = Debug;
		};
		A480EA3522225393009955A1 /* Release */ = {
			isa = XCBuildConfiguration;
			buildSettings = {
				ALWAYS_SEARCH_USER_PATHS = NO;
				CLANG_ANALYZER_NONNULL = YES;
				CLANG_ANALYZER_NUMBER_OBJECT_CONVERSION = YES_AGGRESSIVE;
				CLANG_CXX_LANGUAGE_STANDARD = "gnu++14";
				CLANG_CXX_LIBRARY = "libc++";
				CLANG_ENABLE_MODULES = YES;
				CLANG_ENABLE_OBJC_ARC = YES;
				CLANG_ENABLE_OBJC_WEAK = YES;
				CLANG_WARN_BLOCK_CAPTURE_AUTORELEASING = YES;
				CLANG_WARN_BOOL_CONVERSION = YES;
				CLANG_WARN_COMMA = YES;
				CLANG_WARN_CONSTANT_CONVERSION = YES;
				CLANG_WARN_DEPRECATED_OBJC_IMPLEMENTATIONS = YES;
				CLANG_WARN_DIRECT_OBJC_ISA_USAGE = YES_ERROR;
				CLANG_WARN_DOCUMENTATION_COMMENTS = YES;
				CLANG_WARN_EMPTY_BODY = YES;
				CLANG_WARN_ENUM_CONVERSION = YES;
				CLANG_WARN_INFINITE_RECURSION = YES;
				CLANG_WARN_INT_CONVERSION = YES;
				CLANG_WARN_NON_LITERAL_NULL_CONVERSION = YES;
				CLANG_WARN_OBJC_IMPLICIT_RETAIN_SELF = YES;
				CLANG_WARN_OBJC_LITERAL_CONVERSION = YES;
				CLANG_WARN_OBJC_ROOT_CLASS = YES_ERROR;
				CLANG_WARN_RANGE_LOOP_ANALYSIS = YES;
				CLANG_WARN_STRICT_PROTOTYPES = YES;
				CLANG_WARN_SUSPICIOUS_MOVE = YES;
				CLANG_WARN_UNGUARDED_AVAILABILITY = YES_AGGRESSIVE;
				CLANG_WARN_UNREACHABLE_CODE = YES;
				CLANG_WARN__DUPLICATE_METHOD_MATCH = YES;
				CODE_SIGN_IDENTITY = "iPhone Developer";
				COPY_PHASE_STRIP = NO;
				DEBUG_INFORMATION_FORMAT = "dwarf-with-dsym";
				ENABLE_NS_ASSERTIONS = NO;
				ENABLE_STRICT_OBJC_MSGSEND = YES;
				GCC_C_LANGUAGE_STANDARD = gnu11;
				GCC_NO_COMMON_BLOCKS = YES;
				GCC_WARN_64_TO_32_BIT_CONVERSION = YES;
				GCC_WARN_ABOUT_RETURN_TYPE = YES_ERROR;
				GCC_WARN_UNDECLARED_SELECTOR = YES;
				GCC_WARN_UNINITIALIZED_AUTOS = YES_AGGRESSIVE;
				GCC_WARN_UNUSED_FUNCTION = YES;
				GCC_WARN_UNUSED_VARIABLE = YES;
				IPHONEOS_DEPLOYMENT_TARGET = 12.1;
				MTL_ENABLE_DEBUG_INFO = NO;
				MTL_FAST_MATH = YES;
				SDKROOT = iphoneos;
				SWIFT_COMPILATION_MODE = wholemodule;
				SWIFT_OPTIMIZATION_LEVEL = "-O";
				VALIDATE_PRODUCT = YES;
			};
			name = Release;
		};
		A480EA3722225393009955A1 /* Debug */ = {
			isa = XCBuildConfiguration;
			baseConfigurationReference = 904FBECF83A8CC6ECBB073A3 /* Pods-ChefZs.debug.xcconfig */;
			buildSettings = {
				ASSETCATALOG_COMPILER_APPICON_NAME = AppIcon;
				CODE_SIGN_STYLE = Automatic;
				DEVELOPMENT_TEAM = GN636R9GCR;
				INFOPLIST_FILE = ChefZs/Info.plist;
				LD_RUNPATH_SEARCH_PATHS = (
					"$(inherited)",
					"@executable_path/Frameworks",
				);
				PRODUCT_BUNDLE_IDENTIFIER = com.dduan008.ChefZs;
				PRODUCT_NAME = "$(TARGET_NAME)";
				SWIFT_VERSION = 4.2;
				TARGETED_DEVICE_FAMILY = "1,2";
			};
			name = Debug;
		};
		A480EA3822225393009955A1 /* Release */ = {
			isa = XCBuildConfiguration;
			baseConfigurationReference = 0F73794F14B298F64B2D99C2 /* Pods-ChefZs.release.xcconfig */;
			buildSettings = {
				ASSETCATALOG_COMPILER_APPICON_NAME = AppIcon;
				CODE_SIGN_STYLE = Automatic;
				DEVELOPMENT_TEAM = GN636R9GCR;
				INFOPLIST_FILE = ChefZs/Info.plist;
				LD_RUNPATH_SEARCH_PATHS = (
					"$(inherited)",
					"@executable_path/Frameworks",
				);
				PRODUCT_BUNDLE_IDENTIFIER = com.dduan008.ChefZs;
				PRODUCT_NAME = "$(TARGET_NAME)";
				SWIFT_VERSION = 4.2;
				TARGETED_DEVICE_FAMILY = "1,2";
			};
			name = Release;
		};
/* End XCBuildConfiguration section */

/* Begin XCConfigurationList section */
		A480EA1F22225393009955A1 /* Build configuration list for PBXProject "ChefZs" */ = {
			isa = XCConfigurationList;
			buildConfigurations = (
				A480EA3422225393009955A1 /* Debug */,
				A480EA3522225393009955A1 /* Release */,
			);
			defaultConfigurationIsVisible = 0;
			defaultConfigurationName = Release;
		};
		A480EA3622225393009955A1 /* Build configuration list for PBXNativeTarget "ChefZs" */ = {
			isa = XCConfigurationList;
			buildConfigurations = (
				A480EA3722225393009955A1 /* Debug */,
				A480EA3822225393009955A1 /* Release */,
			);
			defaultConfigurationIsVisible = 0;
			defaultConfigurationName = Release;
		};
/* End XCConfigurationList section */
	};
	rootObject = A480EA1C22225393009955A1 /* Project object */;
}
